
Microsoft Visual Studio Solution File, Format Version 12.00
# Visual Studio Version 16
VisualStudioVersion = 16.0.29806.167
MinimumVisualStudioVersion = 10.0.40219.1
Project("{FAE04EC0-301F-11D3-BF4B-00C04F79EFBC}") = "CoreFirestoreTutorial", "CoreFirestoreTutorial.csproj", "{2C95E831-11ED-47C3-8906-D3C3F04D9A0E}"
EndProject
Global
	GlobalSection(SolutionConfigurationPlatforms) = preSolution
		Debug|Any CPU = Debug|Any CPU
		Release|Any CPU = Release|Any CPU
	EndGlobalSection
	GlobalSection(ProjectConfigurationPlatforms) = postSolution
		{2C95E831-11ED-47C3-8906-D3C3F04D9A0E}.Debug|Any CPU.ActiveCfg = Debug|Any CPU
		{2C95E831-11ED-47C3-8906-D3C3F04D9A0E}.Debug|Any CPU.Build.0 = Debug|Any CPU
		{2C95E831-11ED-47C3-8906-D3C3F04D9A0E}.Release|Any CPU.ActiveCfg = Release|Any CPU
		{2C95E831-11ED-47C3-8906-D3C3F04D9A0E}.Release|Any CPU.Build.0 = Release|Any CPU
	EndGlobalSection
	GlobalSection(SolutionProperties) = preSolution
		HideSolutionNode = FALSE
	EndGlobalSection
	GlobalSection(ExtensibilityGlobals) = postSolution
		SolutionGuid = {FA14F171-4EB3-4EDF-B8AC-159A1BE3B1E8}
	EndGlobalSection
EndGlobal
